
Microsoft Visual Studio Solution File, Format Version 12.00
# Visual Studio Version 17
VisualStudioVersion = 17.2.32602.215
MinimumVisualStudioVersion = 10.0.40219.1
Project("{FAE04EC0-301F-11D3-BF4B-00C04F79EFBC}") = "GershirTests", "GershirTests\GershirTests.csproj", "{D49FD53F-B569-437D-A434-951650C91787}"
EndProject
Global
	GlobalSection(SolutionConfigurationPlatforms) = preSolution
		Debug|Any CPU = Debug|Any CPU
		Release|Any CPU = Release|Any CPU
	EndGlobalSection
	GlobalSection(ProjectConfigurationPlatforms) = postSolution
		{D49FD53F-B569-437D-A434-951650C91787}.Debug|Any CPU.ActiveCfg = Debug|Any CPU
		{D49FD53F-B569-437D-A434-951650C91787}.Debug|Any CPU.Build.0 = Debug|Any CPU
		{D49FD53F-B569-437D-A434-951650C91787}.Release|Any CPU.ActiveCfg = Release|Any CPU
		{D49FD53F-B569-437D-A434-951650C91787}.Release|Any CPU.Build.0 = Release|Any CPU
	EndGlobalSection
	GlobalSection(SolutionProperties) = preSolution
		HideSolutionNode = FALSE
	EndGlobalSection
	GlobalSection(ExtensibilityGlobals) = postSolution
		SolutionGuid = {DD57DF4D-040E-454C-B9FD-F430F53A6E94}
	EndGlobalSection
EndGlobal
